
Microsoft Visual Studio Solution File, Format Version 12.00
# Visual Studio 14
VisualStudioVersion = 14.0.24720.0
MinimumVisualStudioVersion = 10.0.40219.1
Project("{2150E333-8FDC-42A3-9474-1A3956D46DE8}") = "DataLayer", "DataLayer", "{8754BDB4-6A0A-43A3-A7C7-2A8B629C450D}"
EndProject
Project("{2150E333-8FDC-42A3-9474-1A3956D46DE8}") = "DomainLayer", "DomainLayer", "{2E6DFC06-B52F-4CC1-A47C-51D9397FDF46}"
EndProject
Project("{FAE04EC0-301F-11D3-BF4B-00C04F79EFBC}") = "DataMapper", "DataMapper\DataMapper.csproj", "{2EDBD5F8-F592-416F-841F-42657E304057}"
EndProject
Project("{FAE04EC0-301F-11D3-BF4B-00C04F79EFBC}") = "DomainModel", "DomainModel\DomainModel.csproj", "{16F82DC2-428B-4AC8-AE85-D6D7ECFC7A2D}"
EndProject
Global
	GlobalSection(SolutionConfigurationPlatforms) = preSolution
		Debug|Any CPU = Debug|Any CPU
		Release|Any CPU = Release|Any CPU
	EndGlobalSection
	GlobalSection(ProjectConfigurationPlatforms) = postSolution
		{2EDBD5F8-F592-416F-841F-42657E304057}.Debug|Any CPU.ActiveCfg = Debug|Any CPU
		{2EDBD5F8-F592-416F-841F-42657E304057}.Debug|Any CPU.Build.0 = Debug|Any CPU
		{2EDBD5F8-F592-416F-841F-42657E304057}.Release|Any CPU.ActiveCfg = Release|Any CPU
		{2EDBD5F8-F592-416F-841F-42657E304057}.Release|Any CPU.Build.0 = Release|Any CPU
		{16F82DC2-428B-4AC8-AE85-D6D7ECFC7A2D}.Debug|Any CPU.ActiveCfg = Debug|Any CPU
		{16F82DC2-428B-4AC8-AE85-D6D7ECFC7A2D}.Debug|Any CPU.Build.0 = Debug|Any CPU
		{16F82DC2-428B-4AC8-AE85-D6D7ECFC7A2D}.Release|Any CPU.ActiveCfg = Release|Any CPU
		{16F82DC2-428B-4AC8-AE85-D6D7ECFC7A2D}.Release|Any CPU.Build.0 = Release|Any CPU
	EndGlobalSection
	GlobalSection(SolutionProperties) = preSolution
		HideSolutionNode = FALSE
	EndGlobalSection
	GlobalSection(NestedProjects) = preSolution
		{2EDBD5F8-F592-416F-841F-42657E304057} = {8754BDB4-6A0A-43A3-A7C7-2A8B629C450D}
		{16F82DC2-428B-4AC8-AE85-D6D7ECFC7A2D} = {2E6DFC06-B52F-4CC1-A47C-51D9397FDF46}
	EndGlobalSection
EndGlobal
